Microsoft Visual Studio Solution File, Format Version 11.00
# Visual Studio 2008

Project("{E9E1DEA6-6EB9-50E7-66FF-7AC410905923}") = "3DCamera", "Assembly-CSharp.csproj", "{ECBCE5CF-F44B-F1E6-CF53-F6027D9DC34A}"
EndProject
Global
	GlobalSection(SolutionConfigurationPlatforms) = preSolution
		Debug|Any CPU = Debug|Any CPU
		Release|Any CPU = Release|Any CPU
	EndGlobalSection
	GlobalSection(ProjectConfigurationPlatforms) = postSolution
		{ECBCE5CF-F44B-F1E6-CF53-F6027D9DC34A}.Debug|Any CPU.ActiveCfg = Debug|Any CPU
		{ECBCE5CF-F44B-F1E6-CF53-F6027D9DC34A}.Debug|Any CPU.Build.0 = Debug|Any CPU
		{ECBCE5CF-F44B-F1E6-CF53-F6027D9DC34A}.Release|Any CPU.ActiveCfg = Release|Any CPU
		{ECBCE5CF-F44B-F1E6-CF53-F6027D9DC34A}.Release|Any CPU.Build.0 = Release|Any CPU
	EndGlobalSection
	GlobalSection(SolutionProperties) = preSolution
		HideSolutionNode = FALSE
	EndGlobalSection
	GlobalSection(MonoDevelopProperties) = preSolution
		StartupItem = Assembly-CSharp.csproj
	EndGlobalSection
EndGlobal
